{
  "object": {
    "pins": [
      {
        "package": "FFCParserCombinator",
        "repositoryURL": "https://github.com/fcanas/FFCParserCombinator.git",
        "state": {
          "branch": null,
          "revision": "e54c0067289be524eb877bec50a9f6b301fbf808",
          "version": "1.0.2"
        }
      }
    ]
  },
  "version": 1
}
